
Microsoft Visual Studio Solution File, Format Version 12.00
# Visual Studio 14
VisualStudioVersion = 14.0.24720.0
MinimumVisualStudioVersion = 10.0.40219.1
Project("{8BC9CEB8-8B4A-11D0-8D11-00A0C91BC942}") = "Perception", "Perception\Perception.vcxproj", "{492EEF8E-FC30-4781-AD01-8C9F6BB491A2}"
EndProject
Project("{8BC9CEB8-8B4A-11D0-8D11-00A0C91BC942}") = "Perception.Test", "Perception.Test\Perception.Test.vcxproj", "{8E2E666D-5A1E-4080-9AC1-5361613B7D1E}"
EndProject
Global
	GlobalSection(SolutionConfigurationPlatforms) = preSolution
		Debug|x64 = Debug|x64
		Release|x64 = Release|x64
	EndGlobalSection
	GlobalSection(ProjectConfigurationPlatforms) = postSolution
		{492EEF8E-FC30-4781-AD01-8C9F6BB491A2}.Debug|x64.ActiveCfg = Debug|x64
		{492EEF8E-FC30-4781-AD01-8C9F6BB491A2}.Debug|x64.Build.0 = Debug|x64
		{492EEF8E-FC30-4781-AD01-8C9F6BB491A2}.Release|x64.ActiveCfg = Release|x64
		{492EEF8E-FC30-4781-AD01-8C9F6BB491A2}.Release|x64.Build.0 = Release|x64
		{8E2E666D-5A1E-4080-9AC1-5361613B7D1E}.Debug|x64.ActiveCfg = Debug|x64
		{8E2E666D-5A1E-4080-9AC1-5361613B7D1E}.Debug|x64.Build.0 = Debug|x64
		{8E2E666D-5A1E-4080-9AC1-5361613B7D1E}.Release|x64.ActiveCfg = Release|x64
		{8E2E666D-5A1E-4080-9AC1-5361613B7D1E}.Release|x64.Build.0 = Release|x64
	EndGlobalSection
	GlobalSection(SolutionProperties) = preSolution
		HideSolutionNode = FALSE
	EndGlobalSection
EndGlobal
