
Microsoft Visual Studio Solution File, Format Version 12.00
# Visual Studio 14
VisualStudioVersion = 14.0.24720.0
MinimumVisualStudioVersion = 10.0.40219.1
Project("{8BC9CEB8-8B4A-11D0-8D11-00A0C91BC942}") = "Perception", "Perception.vcxproj", "{492EEF8E-FC30-4781-AD01-8C9F6BB491A2}"
EndProject
Project("{8BC9CEB8-8B4A-11D0-8D11-00A0C91BC942}") = "Perception.Test", "..\Perception.Test\Perception.Test.vcxproj", "{CB9EF953-7B15-4840-AB13-05E23BB87651}"
EndProject
Global
	GlobalSection(SolutionConfigurationPlatforms) = preSolution
		Debug|x64 = Debug|x64
		Debug|x86 = Debug|x86
		Release|x64 = Release|x64
		Release|x86 = Release|x86
	EndGlobalSection
	GlobalSection(ProjectConfigurationPlatforms) = postSolution
		{492EEF8E-FC30-4781-AD01-8C9F6BB491A2}.Debug|x64.ActiveCfg = Debug|x64
		{492EEF8E-FC30-4781-AD01-8C9F6BB491A2}.Debug|x64.Build.0 = Debug|x64
		{492EEF8E-FC30-4781-AD01-8C9F6BB491A2}.Debug|x86.ActiveCfg = Debug|Win32
		{492EEF8E-FC30-4781-AD01-8C9F6BB491A2}.Debug|x86.Build.0 = Debug|Win32
		{492EEF8E-FC30-4781-AD01-8C9F6BB491A2}.Release|x64.ActiveCfg = Release|x64
		{492EEF8E-FC30-4781-AD01-8C9F6BB491A2}.Release|x64.Build.0 = Release|x64
		{492EEF8E-FC30-4781-AD01-8C9F6BB491A2}.Release|x86.ActiveCfg = Release|Win32
		{492EEF8E-FC30-4781-AD01-8C9F6BB491A2}.Release|x86.Build.0 = Release|Win32
		{CB9EF953-7B15-4840-AB13-05E23BB87651}.Debug|x64.ActiveCfg = Debug|x64
		{CB9EF953-7B15-4840-AB13-05E23BB87651}.Debug|x64.Build.0 = Debug|x64
		{CB9EF953-7B15-4840-AB13-05E23BB87651}.Debug|x86.ActiveCfg = Debug|Win32
		{CB9EF953-7B15-4840-AB13-05E23BB87651}.Debug|x86.Build.0 = Debug|Win32
		{CB9EF953-7B15-4840-AB13-05E23BB87651}.Release|x64.ActiveCfg = Release|x64
		{CB9EF953-7B15-4840-AB13-05E23BB87651}.Release|x64.Build.0 = Release|x64
		{CB9EF953-7B15-4840-AB13-05E23BB87651}.Release|x86.ActiveCfg = Release|Win32
		{CB9EF953-7B15-4840-AB13-05E23BB87651}.Release|x86.Build.0 = Release|Win32
	EndGlobalSection
	GlobalSection(SolutionProperties) = preSolution
		HideSolutionNode = FALSE
	EndGlobalSection
EndGlobal
